
Microsoft Visual Studio Solution File, Format Version 12.00
# Visual Studio Version 17
VisualStudioVersion = 17.2.32526.322
MinimumVisualStudioVersion = 10.0.40219.1
Project("{FAE04EC0-301F-11D3-BF4B-00C04F79EFBC}") = "szalgyak1", "szalgyak1\szalgyak1.csproj", "{CA8A41E9-4FFB-4DD1-8DD5-1F83C8C2C3E5}"
EndProject
Global
	GlobalSection(SolutionConfigurationPlatforms) = preSolution
		Debug|Any CPU = Debug|Any CPU
		Release|Any CPU = Release|Any CPU
	EndGlobalSection
	GlobalSection(ProjectConfigurationPlatforms) = postSolution
		{CA8A41E9-4FFB-4DD1-8DD5-1F83C8C2C3E5}.Debug|Any CPU.ActiveCfg = Debug|Any CPU
		{CA8A41E9-4FFB-4DD1-8DD5-1F83C8C2C3E5}.Debug|Any CPU.Build.0 = Debug|Any CPU
		{CA8A41E9-4FFB-4DD1-8DD5-1F83C8C2C3E5}.Release|Any CPU.ActiveCfg = Release|Any CPU
		{CA8A41E9-4FFB-4DD1-8DD5-1F83C8C2C3E5}.Release|Any CPU.Build.0 = Release|Any CPU
	EndGlobalSection
	GlobalSection(SolutionProperties) = preSolution
		HideSolutionNode = FALSE
	EndGlobalSection
	GlobalSection(ExtensibilityGlobals) = postSolution
		SolutionGuid = {BEC5C696-104B-4746-8699-B55F7FE072A7}
	EndGlobalSection
EndGlobal
