
Microsoft Visual Studio Solution File, Format Version 12.00
# Visual Studio Version 17
VisualStudioVersion = 17.10.35122.118
MinimumVisualStudioVersion = 10.0.40219.1
Project("{FAE04EC0-301F-11D3-BF4B-00C04F79EFBC}") = "Exercise3", "Exercise3\Exercise3.csproj", "{2D18F70F-83DD-4945-922E-A16432FD4395}"
EndProject
Global
	GlobalSection(SolutionConfigurationPlatforms) = preSolution
		Debug|Any CPU = Debug|Any CPU
		Release|Any CPU = Release|Any CPU
	EndGlobalSection
	GlobalSection(ProjectConfigurationPlatforms) = postSolution
		{2D18F70F-83DD-4945-922E-A16432FD4395}.Debug|Any CPU.ActiveCfg = Debug|Any CPU
		{2D18F70F-83DD-4945-922E-A16432FD4395}.Debug|Any CPU.Build.0 = Debug|Any CPU
		{2D18F70F-83DD-4945-922E-A16432FD4395}.Release|Any CPU.ActiveCfg = Release|Any CPU
		{2D18F70F-83DD-4945-922E-A16432FD4395}.Release|Any CPU.Build.0 = Release|Any CPU
	EndGlobalSection
	GlobalSection(SolutionProperties) = preSolution
		HideSolutionNode = FALSE
	EndGlobalSection
	GlobalSection(ExtensibilityGlobals) = postSolution
		SolutionGuid = {AA31C419-3264-43CA-A2BB-82309F8927E9}
	EndGlobalSection
EndGlobal
