
Microsoft Visual Studio Solution File, Format Version 12.00
# Visual Studio Version 17
VisualStudioVersion = 17.10.35013.160
MinimumVisualStudioVersion = 10.0.40219.1
Project("{FAE04EC0-301F-11D3-BF4B-00C04F79EFBC}") = "Borok", "Borok\Borok.csproj", "{D877180B-A35E-40EC-945C-9EFEE58F10AD}"
EndProject
Global
	GlobalSection(SolutionConfigurationPlatforms) = preSolution
		Debug|Any CPU = Debug|Any CPU
		Release|Any CPU = Release|Any CPU
	EndGlobalSection
	GlobalSection(ProjectConfigurationPlatforms) = postSolution
		{D877180B-A35E-40EC-945C-9EFEE58F10AD}.Debug|Any CPU.ActiveCfg = Debug|Any CPU
		{D877180B-A35E-40EC-945C-9EFEE58F10AD}.Debug|Any CPU.Build.0 = Debug|Any CPU
		{D877180B-A35E-40EC-945C-9EFEE58F10AD}.Release|Any CPU.ActiveCfg = Release|Any CPU
		{D877180B-A35E-40EC-945C-9EFEE58F10AD}.Release|Any CPU.Build.0 = Release|Any CPU
	EndGlobalSection
	GlobalSection(SolutionProperties) = preSolution
		HideSolutionNode = FALSE
	EndGlobalSection
	GlobalSection(ExtensibilityGlobals) = postSolution
		SolutionGuid = {332953F4-7250-489E-BD0B-3405C95C5F2D}
	EndGlobalSection
EndGlobal
