
Microsoft Visual Studio Solution File, Format Version 12.00
# Visual Studio Version 17
VisualStudioVersion = 17.11.35303.130
MinimumVisualStudioVersion = 10.0.40219.1
Project("{FAE04EC0-301F-11D3-BF4B-00C04F79EFBC}") = "GraphicsBase", "GraphicsBase\GraphicsBase.csproj", "{1FAFDDD3-ED84-49BE-8458-4BB5D450C2DF}"
EndProject
Global
	GlobalSection(SolutionConfigurationPlatforms) = preSolution
		Debug|Any CPU = Debug|Any CPU
		Release|Any CPU = Release|Any CPU
	EndGlobalSection
	GlobalSection(ProjectConfigurationPlatforms) = postSolution
		{1FAFDDD3-ED84-49BE-8458-4BB5D450C2DF}.Debug|Any CPU.ActiveCfg = Debug|Any CPU
		{1FAFDDD3-ED84-49BE-8458-4BB5D450C2DF}.Debug|Any CPU.Build.0 = Debug|Any CPU
		{1FAFDDD3-ED84-49BE-8458-4BB5D450C2DF}.Release|Any CPU.ActiveCfg = Release|Any CPU
		{1FAFDDD3-ED84-49BE-8458-4BB5D450C2DF}.Release|Any CPU.Build.0 = Release|Any CPU
	EndGlobalSection
	GlobalSection(SolutionProperties) = preSolution
		HideSolutionNode = FALSE
	EndGlobalSection
	GlobalSection(ExtensibilityGlobals) = postSolution
		SolutionGuid = {493AF270-024D-4D9B-92A2-2BFAF57ACF53}
	EndGlobalSection
EndGlobal
