
Microsoft Visual Studio Solution File, Format Version 12.00
# Visual Studio Version 17
VisualStudioVersion = 17.10.35122.118
MinimumVisualStudioVersion = 10.0.40219.1
Project("{FAE04EC0-301F-11D3-BF4B-00C04F79EFBC}") = "Socket1Client", "Socket1Client\Socket1Client.csproj", "{6C6A1AD9-285E-4849-8331-2114F117BEE7}"
EndProject
Global
	GlobalSection(SolutionConfigurationPlatforms) = preSolution
		Debug|Any CPU = Debug|Any CPU
		Release|Any CPU = Release|Any CPU
	EndGlobalSection
	GlobalSection(ProjectConfigurationPlatforms) = postSolution
		{6C6A1AD9-285E-4849-8331-2114F117BEE7}.Debug|Any CPU.ActiveCfg = Debug|Any CPU
		{6C6A1AD9-285E-4849-8331-2114F117BEE7}.Debug|Any CPU.Build.0 = Debug|Any CPU
		{6C6A1AD9-285E-4849-8331-2114F117BEE7}.Release|Any CPU.ActiveCfg = Release|Any CPU
		{6C6A1AD9-285E-4849-8331-2114F117BEE7}.Release|Any CPU.Build.0 = Release|Any CPU
	EndGlobalSection
	GlobalSection(SolutionProperties) = preSolution
		HideSolutionNode = FALSE
	EndGlobalSection
	GlobalSection(ExtensibilityGlobals) = postSolution
		SolutionGuid = {FB838A53-2641-4D02-A518-F728C4B0A55A}
	EndGlobalSection
EndGlobal
