
Microsoft Visual Studio Solution File, Format Version 12.00
# Visual Studio Version 17
VisualStudioVersion = 17.2.32526.322
MinimumVisualStudioVersion = 10.0.40219.1
Project("{FAE04EC0-301F-11D3-BF4B-00C04F79EFBC}") = "Open_API_Kliens", "Open_API_Kliens\Open_API_Kliens.csproj", "{87BBA4EA-B16B-4CAD-B7C0-D452C116A416}"
EndProject
Global
	GlobalSection(SolutionConfigurationPlatforms) = preSolution
		Debug|Any CPU = Debug|Any CPU
		Release|Any CPU = Release|Any CPU
	EndGlobalSection
	GlobalSection(ProjectConfigurationPlatforms) = postSolution
		{87BBA4EA-B16B-4CAD-B7C0-D452C116A416}.Debug|Any CPU.ActiveCfg = Debug|Any CPU
		{87BBA4EA-B16B-4CAD-B7C0-D452C116A416}.Debug|Any CPU.Build.0 = Debug|Any CPU
		{87BBA4EA-B16B-4CAD-B7C0-D452C116A416}.Release|Any CPU.ActiveCfg = Release|Any CPU
		{87BBA4EA-B16B-4CAD-B7C0-D452C116A416}.Release|Any CPU.Build.0 = Release|Any CPU
	EndGlobalSection
	GlobalSection(SolutionProperties) = preSolution
		HideSolutionNode = FALSE
	EndGlobalSection
	GlobalSection(ExtensibilityGlobals) = postSolution
		SolutionGuid = {B222C19F-B59D-4CD6-BA0E-7EE9EAA5AF59}
	EndGlobalSection
EndGlobal
