
Microsoft Visual Studio Solution File, Format Version 12.00
# Visual Studio Version 17
VisualStudioVersion = 17.7.34031.279
MinimumVisualStudioVersion = 10.0.40219.1
Project("{FAE04EC0-301F-11D3-BF4B-00C04F79EFBC}") = "GrafikaDLL", "GrafikaDLL\GrafikaDLL.csproj", "{B6DDECDD-AAD9-4653-A0AA-36814BBB5EA3}"
EndProject
Global
	GlobalSection(SolutionConfigurationPlatforms) = preSolution
		Debug|Any CPU = Debug|Any CPU
		Release|Any CPU = Release|Any CPU
	EndGlobalSection
	GlobalSection(ProjectConfigurationPlatforms) = postSolution
		{B6DDECDD-AAD9-4653-A0AA-36814BBB5EA3}.Debug|Any CPU.ActiveCfg = Debug|Any CPU
		{B6DDECDD-AAD9-4653-A0AA-36814BBB5EA3}.Debug|Any CPU.Build.0 = Debug|Any CPU
		{B6DDECDD-AAD9-4653-A0AA-36814BBB5EA3}.Release|Any CPU.ActiveCfg = Release|Any CPU
		{B6DDECDD-AAD9-4653-A0AA-36814BBB5EA3}.Release|Any CPU.Build.0 = Release|Any CPU
	EndGlobalSection
	GlobalSection(SolutionProperties) = preSolution
		HideSolutionNode = FALSE
	EndGlobalSection
	GlobalSection(ExtensibilityGlobals) = postSolution
		SolutionGuid = {BEBE2648-101F-46CE-9A6E-3719734168B4}
	EndGlobalSection
EndGlobal
